
Microsoft Visual Studio Solution File, Format Version 12.00
# Visual Studio 15
VisualStudioVersion = 15.0.28307.168
MinimumVisualStudioVersion = 10.0.40219.1
Project("{FAE04EC0-301F-11D3-BF4B-00C04F79EFBC}") = "Motors", "Motors\Motors.csproj", "{F3BC8614-7245-4305-A036-6F4B75FE72A2}"
EndProject
Global
	GlobalSection(SolutionConfigurationPlatforms) = preSolution
		Debug|Any CPU = Debug|Any CPU
		Release|Any CPU = Release|Any CPU
	EndGlobalSection
	GlobalSection(ProjectConfigurationPlatforms) = postSolution
		{F3BC8614-7245-4305-A036-6F4B75FE72A2}.Debug|Any CPU.ActiveCfg = Debug|Any CPU
		{F3BC8614-7245-4305-A036-6F4B75FE72A2}.Debug|Any CPU.Build.0 = Debug|Any CPU
		{F3BC8614-7245-4305-A036-6F4B75FE72A2}.Release|Any CPU.ActiveCfg = Release|Any CPU
		{F3BC8614-7245-4305-A036-6F4B75FE72A2}.Release|Any CPU.Build.0 = Release|Any CPU
	EndGlobalSection
	GlobalSection(SolutionProperties) = preSolution
		HideSolutionNode = FALSE
	EndGlobalSection
	GlobalSection(ExtensibilityGlobals) = postSolution
		SolutionGuid = {4096A4EB-DD94-4192-B22B-61DA4081989A}
	EndGlobalSection
EndGlobal
